
Microsoft Visual Studio Solution File, Format Version 12.00
# Visual Studio 2015
Project("{FAE04EC0-301F-11D3-BF4B-00C04F79EFBC}") = "WaveGame.Plugins", "WaveGame.Plugins.csproj", "{4F25A306-C20C-C100-2D96-B20A716CAF31}"
EndProject
Project("{FAE04EC0-301F-11D3-BF4B-00C04F79EFBC}") = "WaveGame", "WaveGame.csproj", "{F3AC0631-D528-AAEB-AC2D-92204AA4CCB7}"
EndProject
Project("{FAE04EC0-301F-11D3-BF4B-00C04F79EFBC}") = "WaveGame.Editor.Plugins", "WaveGame.Editor.Plugins.csproj", "{1E40C837-7389-5902-815D-D61D344882E7}"
EndProject
Global
	GlobalSection(SolutionConfigurationPlatforms) = preSolution
		Debug|Any CPU = Debug|Any CPU
		Release|Any CPU = Release|Any CPU
	EndGlobalSection
	GlobalSection(ProjectConfigurationPlatforms) = postSolution
		{4F25A306-C20C-C100-2D96-B20A716CAF31}.Debug|Any CPU.ActiveCfg = Debug|Any CPU
		{4F25A306-C20C-C100-2D96-B20A716CAF31}.Debug|Any CPU.Build.0 = Debug|Any CPU
		{4F25A306-C20C-C100-2D96-B20A716CAF31}.Release|Any CPU.ActiveCfg = Release|Any CPU
		{4F25A306-C20C-C100-2D96-B20A716CAF31}.Release|Any CPU.Build.0 = Release|Any CPU
		{F3AC0631-D528-AAEB-AC2D-92204AA4CCB7}.Debug|Any CPU.ActiveCfg = Debug|Any CPU
		{F3AC0631-D528-AAEB-AC2D-92204AA4CCB7}.Debug|Any CPU.Build.0 = Debug|Any CPU
		{F3AC0631-D528-AAEB-AC2D-92204AA4CCB7}.Release|Any CPU.ActiveCfg = Release|Any CPU
		{F3AC0631-D528-AAEB-AC2D-92204AA4CCB7}.Release|Any CPU.Build.0 = Release|Any CPU
		{1E40C837-7389-5902-815D-D61D344882E7}.Debug|Any CPU.ActiveCfg = Debug|Any CPU
		{1E40C837-7389-5902-815D-D61D344882E7}.Debug|Any CPU.Build.0 = Debug|Any CPU
		{1E40C837-7389-5902-815D-D61D344882E7}.Release|Any CPU.ActiveCfg = Release|Any CPU
		{1E40C837-7389-5902-815D-D61D344882E7}.Release|Any CPU.Build.0 = Release|Any CPU
	EndGlobalSection
	GlobalSection(SolutionProperties) = preSolution
		HideSolutionNode = FALSE
	EndGlobalSection
EndGlobal
