Microsoft Visual Studio Solution File, Format Version 11.00
# Visual Studio 2008

Project("{17D7F9AA-E900-5BF8-75C6-045D4E64E9CA}") = "WaveGame", "Assembly-CSharp.csproj", "{61803279-72B8-4E9B-2C17-5BE4E003FD2C}"
EndProject
Global
	GlobalSection(SolutionConfigurationPlatforms) = preSolution
		Debug|Any CPU = Debug|Any CPU
		Release|Any CPU = Release|Any CPU
	EndGlobalSection
	GlobalSection(ProjectConfigurationPlatforms) = postSolution
		{61803279-72B8-4E9B-2C17-5BE4E003FD2C}.Debug|Any CPU.ActiveCfg = Debug|Any CPU
		{61803279-72B8-4E9B-2C17-5BE4E003FD2C}.Debug|Any CPU.Build.0 = Debug|Any CPU
		{61803279-72B8-4E9B-2C17-5BE4E003FD2C}.Release|Any CPU.ActiveCfg = Release|Any CPU
		{61803279-72B8-4E9B-2C17-5BE4E003FD2C}.Release|Any CPU.Build.0 = Release|Any CPU
	EndGlobalSection
	GlobalSection(SolutionProperties) = preSolution
		HideSolutionNode = FALSE
	EndGlobalSection
	GlobalSection(MonoDevelopProperties) = preSolution
		StartupItem = Assembly-CSharp.csproj
	EndGlobalSection
EndGlobal
